
Microsoft Visual Studio Solution File, Format Version 12.00
Project("{FAE04EC0-301F-11D3-BF4B-00C04F79EFBC}") = "TechLibrary.Api", "TechLibrary.Api\TechLibrary.Api.csproj", "{F2386278-5226-44D4-88E0-CE1399175D66}"
EndProject
Project("{FAE04EC0-301F-11D3-BF4B-00C04F79EFBC}") = "TechLibrary.Communication", "TechLibrary.Communication\TechLibrary.Communication.csproj", "{14CD9AD5-D955-4EEC-9612-485D085D30B5}"
EndProject
Project("{FAE04EC0-301F-11D3-BF4B-00C04F79EFBC}") = "TechLibrary.Exception", "TechLibrary.Exception\TechLibrary.Exception.csproj", "{5484A2DC-E3DB-4D58-B002-E059533AD38B}"
EndProject
Global
	GlobalSection(SolutionConfigurationPlatforms) = preSolution
		Debug|Any CPU = Debug|Any CPU
		Release|Any CPU = Release|Any CPU
	EndGlobalSection
	GlobalSection(ProjectConfigurationPlatforms) = postSolution
		{F2386278-5226-44D4-88E0-CE1399175D66}.Debug|Any CPU.ActiveCfg = Debug|Any CPU
		{F2386278-5226-44D4-88E0-CE1399175D66}.Debug|Any CPU.Build.0 = Debug|Any CPU
		{F2386278-5226-44D4-88E0-CE1399175D66}.Release|Any CPU.ActiveCfg = Release|Any CPU
		{F2386278-5226-44D4-88E0-CE1399175D66}.Release|Any CPU.Build.0 = Release|Any CPU
		{14CD9AD5-D955-4EEC-9612-485D085D30B5}.Debug|Any CPU.ActiveCfg = Debug|Any CPU
		{14CD9AD5-D955-4EEC-9612-485D085D30B5}.Debug|Any CPU.Build.0 = Debug|Any CPU
		{14CD9AD5-D955-4EEC-9612-485D085D30B5}.Release|Any CPU.ActiveCfg = Release|Any CPU
		{14CD9AD5-D955-4EEC-9612-485D085D30B5}.Release|Any CPU.Build.0 = Release|Any CPU
		{5484A2DC-E3DB-4D58-B002-E059533AD38B}.Debug|Any CPU.ActiveCfg = Debug|Any CPU
		{5484A2DC-E3DB-4D58-B002-E059533AD38B}.Debug|Any CPU.Build.0 = Debug|Any CPU
		{5484A2DC-E3DB-4D58-B002-E059533AD38B}.Release|Any CPU.ActiveCfg = Release|Any CPU
		{5484A2DC-E3DB-4D58-B002-E059533AD38B}.Release|Any CPU.Build.0 = Release|Any CPU
	EndGlobalSection
EndGlobal
